
Microsoft Visual Studio Solution File, Format Version 12.00
# Visual Studio Version 16
VisualStudioVersion = 16.0.30711.63
MinimumVisualStudioVersion = 10.0.40219.1
Project("{159641D6-6404-4A2A-AE62-294DE0FE8301}") = "Part 7", "Part 7\Part 7.dtproj", "{E17BE3EB-87EA-47F2-98DA-A0A274E31035}"
EndProject
Global
	GlobalSection(SolutionConfigurationPlatforms) = preSolution
		Development|Default = Development|Default
	EndGlobalSection
	GlobalSection(ProjectConfigurationPlatforms) = postSolution
		{E17BE3EB-87EA-47F2-98DA-A0A274E31035}.Development|Default.ActiveCfg = Development
		{E17BE3EB-87EA-47F2-98DA-A0A274E31035}.Development|Default.Build.0 = Development
	EndGlobalSection
	GlobalSection(SolutionProperties) = preSolution
		HideSolutionNode = FALSE
	EndGlobalSection
	GlobalSection(ExtensibilityGlobals) = postSolution
		SolutionGuid = {7608F255-AABC-42F3-8B3B-D33266A546D5}
	EndGlobalSection
EndGlobal
